
Microsoft Visual Studio Solution File, Format Version 12.00
# Visual Studio for Mac
Project("{FAE04EC0-301F-11D3-BF4B-00C04F79EFBC}") = "Assembly-CSharp", "Assembly-CSharp.csproj", "{FA34646E-6DA7-0110-D4DC-AB97A0D15E60}"
EndProject
Project("{FAE04EC0-301F-11D3-BF4B-00C04F79EFBC}") = "Assembly-CSharp-firstpass", "Assembly-CSharp-firstpass.csproj", "{4863BCC1-18B3-5262-7584-00D88E6D23CC}"
EndProject
Project("{FAE04EC0-301F-11D3-BF4B-00C04F79EFBC}") = "Assembly-CSharp-Editor", "Assembly-CSharp-Editor.csproj", "{6EF5A6E8-5C2E-3E0F-A159-E6C3A2EE54F5}"
EndProject
Project("{FAE04EC0-301F-11D3-BF4B-00C04F79EFBC}") = "Assembly-CSharp-Editor-firstpass", "Assembly-CSharp-Editor-firstpass.csproj", "{5A7943E2-C309-AD66-5EE6-6E783BD23E76}"
EndProject
Global
	GlobalSection(SolutionConfigurationPlatforms) = preSolution
		Debug|Any CPU = Debug|Any CPU
		Release|Any CPU = Release|Any CPU
	EndGlobalSection
	GlobalSection(ProjectConfigurationPlatforms) = postSolution
		{FA34646E-6DA7-0110-D4DC-AB97A0D15E60}.Debug|Any CPU.ActiveCfg = Debug|Any CPU
		{FA34646E-6DA7-0110-D4DC-AB97A0D15E60}.Debug|Any CPU.Build.0 = Debug|Any CPU
		{FA34646E-6DA7-0110-D4DC-AB97A0D15E60}.Release|Any CPU.ActiveCfg = Release|Any CPU
		{FA34646E-6DA7-0110-D4DC-AB97A0D15E60}.Release|Any CPU.Build.0 = Release|Any CPU
		{4863BCC1-18B3-5262-7584-00D88E6D23CC}.Debug|Any CPU.ActiveCfg = Debug|Any CPU
		{4863BCC1-18B3-5262-7584-00D88E6D23CC}.Debug|Any CPU.Build.0 = Debug|Any CPU
		{4863BCC1-18B3-5262-7584-00D88E6D23CC}.Release|Any CPU.ActiveCfg = Release|Any CPU
		{4863BCC1-18B3-5262-7584-00D88E6D23CC}.Release|Any CPU.Build.0 = Release|Any CPU
		{6EF5A6E8-5C2E-3E0F-A159-E6C3A2EE54F5}.Debug|Any CPU.ActiveCfg = Debug|Any CPU
		{6EF5A6E8-5C2E-3E0F-A159-E6C3A2EE54F5}.Debug|Any CPU.Build.0 = Debug|Any CPU
		{6EF5A6E8-5C2E-3E0F-A159-E6C3A2EE54F5}.Release|Any CPU.ActiveCfg = Release|Any CPU
		{6EF5A6E8-5C2E-3E0F-A159-E6C3A2EE54F5}.Release|Any CPU.Build.0 = Release|Any CPU
		{5A7943E2-C309-AD66-5EE6-6E783BD23E76}.Debug|Any CPU.ActiveCfg = Debug|Any CPU
		{5A7943E2-C309-AD66-5EE6-6E783BD23E76}.Debug|Any CPU.Build.0 = Debug|Any CPU
		{5A7943E2-C309-AD66-5EE6-6E783BD23E76}.Release|Any CPU.ActiveCfg = Release|Any CPU
		{5A7943E2-C309-AD66-5EE6-6E783BD23E76}.Release|Any CPU.Build.0 = Release|Any CPU
	EndGlobalSection
	GlobalSection(SolutionProperties) = preSolution
		HideSolutionNode = FALSE
	EndGlobalSection
EndGlobal
